{
  "lockfile_version": "1",
  "packages": {
    "bacon@latest": {
      "last_modified": "2024-07-07T07:43:47Z",
      "resolved": "github:NixOS/nixpkgs/b60793b86201040d9dee019a05089a9150d08b5b#bacon",
      "source": "devbox-search",
      "version": "2.18.2",
      "systems": {
        "aarch64-darwin": {
          "outputs": [
            {
              "name": "out",
              "path": "/nix/store/h3lkmipxf94bmyz0v2d6525dziv1r0z5-bacon-2.18.2",
              "default": true
            }
          ],
          "store_path": "/nix/store/h3lkmipxf94bmyz0v2d6525dziv1r0z5-bacon-2.18.2"
        },
        "aarch64-linux": {
          "outputs": [
            {
              "name": "out",
              "path": "/nix/store/389cxxgi8fzwc0ddr5kq81ibspa3qfix-bacon-2.18.2",
              "default": true
            }
          ],
          "store_path": "/nix/store/389cxxgi8fzwc0ddr5kq81ibspa3qfix-bacon-2.18.2"
        },
        "x86_64-darwin": {
          "outputs": [
            {
              "name": "out",
              "path": "/nix/store/9382x9hs347zn43maxhdi61jjfkn3xz5-bacon-2.18.2",
              "default": true
            }
          ],
          "store_path": "/nix/store/9382x9hs347zn43maxhdi61jjfkn3xz5-bacon-2.18.2"
        },
        "x86_64-linux": {
          "outputs": [
            {
              "name": "out",
              "path": "/nix/store/7xxmdji7agv95rkxvd8y7v2aj8gbrf14-bacon-2.18.2",
              "default": true
            }
          ],
          "store_path": "/nix/store/7xxmdji7agv95rkxvd8y7v2aj8gbrf14-bacon-2.18.2"
        }
      }
    },
    "cargo-edit@latest": {
      "last_modified": "2024-07-07T07:43:47Z",
      "resolved": "github:NixOS/nixpkgs/b60793b86201040d9dee019a05089a9150d08b5b#cargo-edit",
      "source": "devbox-search",
      "version": "0.12.2",
      "systems": {
        "aarch64-darwin": {
          "outputs": [
            {
              "name": "out",
              "path": "/nix/store/wzhbz28niqwnw8lv2998f8z3apaffsnf-cargo-edit-0.12.2",
              "default": true
            }
          ],
          "store_path": "/nix/store/wzhbz28niqwnw8lv2998f8z3apaffsnf-cargo-edit-0.12.2"
        },
        "aarch64-linux": {
          "outputs": [
            {
              "name": "out",
              "path": "/nix/store/k7kmsimi7aywxnylcc7xmalfa87vmlfv-cargo-edit-0.12.2",
              "default": true
            }
          ],
          "store_path": "/nix/store/k7kmsimi7aywxnylcc7xmalfa87vmlfv-cargo-edit-0.12.2"
        },
        "x86_64-darwin": {
          "outputs": [
            {
              "name": "out",
              "path": "/nix/store/jwpcdywis5j85a557q8x8zxsb6846dgs-cargo-edit-0.12.2",
              "default": true
            }
          ],
          "store_path": "/nix/store/jwpcdywis5j85a557q8x8zxsb6846dgs-cargo-edit-0.12.2"
        },
        "x86_64-linux": {
          "outputs": [
            {
              "name": "out",
              "path": "/nix/store/x2w43v2q3z06b00j6656s7zhwj5sqkcc-cargo-edit-0.12.2",
              "default": true
            }
          ],
          "store_path": "/nix/store/x2w43v2q3z06b00j6656s7zhwj5sqkcc-cargo-edit-0.12.2"
        }
      }
    },
    "cargo-generate@latest": {
      "last_modified": "2024-07-07T07:43:47Z",
      "resolved": "github:NixOS/nixpkgs/b60793b86201040d9dee019a05089a9150d08b5b#cargo-generate",
      "source": "devbox-search",
      "version": "0.21.1",
      "systems": {
        "aarch64-darwin": {
          "outputs": [
            {
              "name": "out",
              "path": "/nix/store/p1d2jy5jhr55knwd5xciq2xayy1kysz8-cargo-generate-0.21.1",
              "default": true
            }
          ],
          "store_path": "/nix/store/p1d2jy5jhr55knwd5xciq2xayy1kysz8-cargo-generate-0.21.1"
        },
        "aarch64-linux": {
          "outputs": [
            {
              "name": "out",
              "path": "/nix/store/shyzndzik5s1vanjl3w51z9jdi0pddii-cargo-generate-0.21.1",
              "default": true
            }
          ],
          "store_path": "/nix/store/shyzndzik5s1vanjl3w51z9jdi0pddii-cargo-generate-0.21.1"
        },
        "x86_64-darwin": {
          "outputs": [
            {
              "name": "out",
              "path": "/nix/store/40navj6vls893xr3zjys5hm2hs1ybc6j-cargo-generate-0.21.1",
              "default": true
            }
          ],
          "store_path": "/nix/store/40navj6vls893xr3zjys5hm2hs1ybc6j-cargo-generate-0.21.1"
        },
        "x86_64-linux": {
          "outputs": [
            {
              "name": "out",
              "path": "/nix/store/li28dzj8i6irghjykxvnaddqqr3qw7j1-cargo-generate-0.21.1",
              "default": true
            }
          ],
          "store_path": "/nix/store/li28dzj8i6irghjykxvnaddqqr3qw7j1-cargo-generate-0.21.1"
        }
      }
    },
    "cargo-llvm-cov@latest": {
      "last_modified": "2024-07-07T07:43:47Z",
      "resolved": "github:NixOS/nixpkgs/b60793b86201040d9dee019a05089a9150d08b5b#cargo-llvm-cov",
      "source": "devbox-search",
      "version": "0.6.10",
      "systems": {
        "aarch64-linux": {
          "outputs": [
            {
              "name": "out",
              "path": "/nix/store/byyliwyfil5aa9jk33bajpnv702czjis-cargo-llvm-cov-0.6.10",
              "default": true
            }
          ],
          "store_path": "/nix/store/byyliwyfil5aa9jk33bajpnv702czjis-cargo-llvm-cov-0.6.10"
        },
        "x86_64-linux": {
          "outputs": [
            {
              "name": "out",
              "path": "/nix/store/74hb2sm6k360z1jdv9c5m2xyh8hz18y1-cargo-llvm-cov-0.6.10",
              "default": true
            }
          ],
          "store_path": "/nix/store/74hb2sm6k360z1jdv9c5m2xyh8hz18y1-cargo-llvm-cov-0.6.10"
        }
      }
    },
    "cargo-nextest@latest": {
      "last_modified": "2024-07-07T07:43:47Z",
      "resolved": "github:NixOS/nixpkgs/b60793b86201040d9dee019a05089a9150d08b5b#cargo-nextest",
      "source": "devbox-search",
      "version": "0.9.72",
      "systems": {
        "aarch64-darwin": {
          "outputs": [
            {
              "name": "out",
              "path": "/nix/store/992ck32yph34gf8dpsqbagm918cfk38r-cargo-nextest-0.9.72",
              "default": true
            }
          ],
          "store_path": "/nix/store/992ck32yph34gf8dpsqbagm918cfk38r-cargo-nextest-0.9.72"
        },
        "aarch64-linux": {
          "outputs": [
            {
              "name": "out",
              "path": "/nix/store/zd3pnpswdmh8bw1sa1f9r6j8dbk6x3ny-cargo-nextest-0.9.72",
              "default": true
            }
          ],
          "store_path": "/nix/store/zd3pnpswdmh8bw1sa1f9r6j8dbk6x3ny-cargo-nextest-0.9.72"
        },
        "x86_64-darwin": {
          "outputs": [
            {
              "name": "out",
              "path": "/nix/store/zfzsawgbyan8cb5nd99kpcb7k1by3q1w-cargo-nextest-0.9.72",
              "default": true
            }
          ],
          "store_path": "/nix/store/zfzsawgbyan8cb5nd99kpcb7k1by3q1w-cargo-nextest-0.9.72"
        },
        "x86_64-linux": {
          "outputs": [
            {
              "name": "out",
              "path": "/nix/store/jyld0p8cp14kcwbv4n5jb21q7mf5m8cp-cargo-nextest-0.9.72",
              "default": true
            }
          ],
          "store_path": "/nix/store/jyld0p8cp14kcwbv4n5jb21q7mf5m8cp-cargo-nextest-0.9.72"
        }
      }
    },
    "cargo-readme@latest": {
      "last_modified": "2024-07-07T07:43:47Z",
      "resolved": "github:NixOS/nixpkgs/b60793b86201040d9dee019a05089a9150d08b5b#cargo-readme",
      "source": "devbox-search",
      "version": "3.3.1",
      "systems": {
        "aarch64-darwin": {
          "outputs": [
            {
              "name": "out",
              "path": "/nix/store/nqmhs28h07r1czqn057rm533n8mga6pd-cargo-readme-3.3.1",
              "default": true
            }
          ],
          "store_path": "/nix/store/nqmhs28h07r1czqn057rm533n8mga6pd-cargo-readme-3.3.1"
        },
        "aarch64-linux": {
          "outputs": [
            {
              "name": "out",
              "path": "/nix/store/cszj09pv0yvkcrk8171vw3ll21l72qzs-cargo-readme-3.3.1",
              "default": true
            }
          ],
          "store_path": "/nix/store/cszj09pv0yvkcrk8171vw3ll21l72qzs-cargo-readme-3.3.1"
        },
        "x86_64-darwin": {
          "outputs": [
            {
              "name": "out",
              "path": "/nix/store/1s0sw1zlz3f0z5vgz25r3smazfnycjav-cargo-readme-3.3.1",
              "default": true
            }
          ],
          "store_path": "/nix/store/1s0sw1zlz3f0z5vgz25r3smazfnycjav-cargo-readme-3.3.1"
        },
        "x86_64-linux": {
          "outputs": [
            {
              "name": "out",
              "path": "/nix/store/676l68pvm5z7w3b7bqf03rb20w1ksawi-cargo-readme-3.3.1",
              "default": true
            }
          ],
          "store_path": "/nix/store/676l68pvm5z7w3b7bqf03rb20w1ksawi-cargo-readme-3.3.1"
        }
      }
    },
    "cargo-watch@latest": {
      "last_modified": "2024-07-07T07:43:47Z",
      "resolved": "github:NixOS/nixpkgs/b60793b86201040d9dee019a05089a9150d08b5b#cargo-watch",
      "source": "devbox-search",
      "version": "8.5.2",
      "systems": {
        "aarch64-darwin": {
          "outputs": [
            {
              "name": "out",
              "path": "/nix/store/psw5xss9f2w694yfc0flr2zsznv1bhhx-cargo-watch-8.5.2",
              "default": true
            }
          ],
          "store_path": "/nix/store/psw5xss9f2w694yfc0flr2zsznv1bhhx-cargo-watch-8.5.2"
        },
        "aarch64-linux": {
          "outputs": [
            {
              "name": "out",
              "path": "/nix/store/brwlsmlscc4vbsswri8n2b84g55labxs-cargo-watch-8.5.2",
              "default": true
            }
          ],
          "store_path": "/nix/store/brwlsmlscc4vbsswri8n2b84g55labxs-cargo-watch-8.5.2"
        },
        "x86_64-darwin": {
          "outputs": [
            {
              "name": "out",
              "path": "/nix/store/gyxhr2ga0khrffz9kkd2pgb4kf1szfrz-cargo-watch-8.5.2",
              "default": true
            }
          ],
          "store_path": "/nix/store/gyxhr2ga0khrffz9kkd2pgb4kf1szfrz-cargo-watch-8.5.2"
        },
        "x86_64-linux": {
          "outputs": [
            {
              "name": "out",
              "path": "/nix/store/agwqdh7rrwx3q6hcl6m5879h01rgjd6j-cargo-watch-8.5.2",
              "default": true
            }
          ],
          "store_path": "/nix/store/agwqdh7rrwx3q6hcl6m5879h01rgjd6j-cargo-watch-8.5.2"
        }
      }
    },
    "clang@latest": {
      "last_modified": "2024-07-07T07:43:47Z",
      "resolved": "github:NixOS/nixpkgs/b60793b86201040d9dee019a05089a9150d08b5b#clang",
      "source": "devbox-search",
      "version": "17.0.6",
      "systems": {
        "aarch64-darwin": {
          "outputs": [
            {
              "path": "/nix/store/k8mrxviw965lv59hqbln3297jwfffm2w-clang-wrapper-16.0.6",
              "default": true
            }
          ]
        },
        "aarch64-linux": {
          "outputs": [
            {
              "name": "out",
              "path": "/nix/store/0d63xsjpnrx6rvmih9jafh5ix8q52c1k-clang-wrapper-17.0.6",
              "default": true
            }
          ],
          "store_path": "/nix/store/0d63xsjpnrx6rvmih9jafh5ix8q52c1k-clang-wrapper-17.0.6"
        },
        "x86_64-linux": {
          "outputs": [
            {
              "name": "out",
              "path": "/nix/store/jbm7b0gdxrjbbyh8rvkfp7xdm0s4saaj-clang-wrapper-17.0.6",
              "default": true
            }
          ],
          "store_path": "/nix/store/jbm7b0gdxrjbbyh8rvkfp7xdm0s4saaj-clang-wrapper-17.0.6"
        }
      }
    },
    "libiconv@latest": {
      "last_modified": "2024-07-07T07:43:47Z",
      "resolved": "github:NixOS/nixpkgs/b60793b86201040d9dee019a05089a9150d08b5b#libiconv",
      "source": "devbox-search",
      "version": "99",
      "systems": {
        "aarch64-darwin": {
          "outputs": [
            {
              "name": "out",
              "path": "/nix/store/pb4vbsfgdik0qizna8vrdzk0jv746rgy-libiconv-99",
              "default": true
            },
            {
              "name": "dev",
              "path": "/nix/store/ddlxlq7cmqp2kpxi7wcskmk2d2ygn8d6-libiconv-99-dev"
            }
          ],
          "store_path": "/nix/store/pb4vbsfgdik0qizna8vrdzk0jv746rgy-libiconv-99"
        },
        "x86_64-darwin": {
          "outputs": [
            {
              "name": "out",
              "path": "/nix/store/nx4wk3zf054hldhq41q9iy0dqigqfhq0-libiconv-99",
              "default": true
            },
            {
              "name": "dev",
              "path": "/nix/store/b5q63ha9kv645npscj40slr90pbzsd96-libiconv-99-dev"
            }
          ],
          "store_path": "/nix/store/nx4wk3zf054hldhq41q9iy0dqigqfhq0-libiconv-99"
        }
      }
    },
    "llvm@latest": {
      "last_modified": "2023-07-15T09:36:47Z",
      "resolved": "github:NixOS/nixpkgs/46ed466081b9cad1125b11f11a2af5cc40b942c7#llvm",
      "source": "devbox-search",
      "version": "11.1.0",
      "systems": {
        "aarch64-darwin": {
          "outputs": [
            {
              "name": "out",
              "path": "/nix/store/fw2nr289aj0c64xpczwy4d2aqkkqpag0-llvm-11.1.0",
              "default": true
            },
            {
              "name": "dev",
              "path": "/nix/store/62pd8lzzppbhwsp41jc534zdg1iqivx7-llvm-11.1.0-dev"
            },
            {
              "name": "lib",
              "path": "/nix/store/wzrn3rj0i42ispdiz4znwr2gjk8v2d31-llvm-11.1.0-lib"
            },
            {
              "name": "python",
              "path": "/nix/store/a4r1k1kk8ik9rh024l55zkdxhd4ww2m1-llvm-11.1.0-python"
            }
          ],
          "store_path": "/nix/store/fw2nr289aj0c64xpczwy4d2aqkkqpag0-llvm-11.1.0"
        },
        "aarch64-linux": {
          "outputs": [
            {
              "name": "out",
              "path": "/nix/store/nhwv558wja6gkfhdbxfz21f0a9kz7v85-llvm-11.1.0",
              "default": true
            },
            {
              "name": "dev",
              "path": "/nix/store/znz7z9pmxsv1py4pib3xpsdwjl1qr8l9-llvm-11.1.0-dev"
            },
            {
              "name": "lib",
              "path": "/nix/store/azhfsf16lm7qgcm88jknywiybm41b191-llvm-11.1.0-lib"
            },
            {
              "name": "python",
              "path": "/nix/store/64d7iqzy8drpz7v6w6r7kd66hyhdqkhk-llvm-11.1.0-python"
            }
          ],
          "store_path": "/nix/store/nhwv558wja6gkfhdbxfz21f0a9kz7v85-llvm-11.1.0"
        },
        "x86_64-darwin": {
          "outputs": [
            {
              "name": "out",
              "path": "/nix/store/7z6bs61wlly6m9czqrddmhwyh7r6g42x-llvm-11.1.0",
              "default": true
            },
            {
              "name": "dev",
              "path": "/nix/store/lkqpa88n6501407y5ha5j1rpgqvvbd6j-llvm-11.1.0-dev"
            },
            {
              "name": "lib",
              "path": "/nix/store/86rffbzdavja7vbbczjiikb65rj4m7i9-llvm-11.1.0-lib"
            },
            {
              "name": "python",
              "path": "/nix/store/9v790lv1xpsxf6n6kjdc4la1ac5294h6-llvm-11.1.0-python"
            }
          ],
          "store_path": "/nix/store/7z6bs61wlly6m9czqrddmhwyh7r6g42x-llvm-11.1.0"
        },
        "x86_64-linux": {
          "outputs": [
            {
              "name": "out",
              "path": "/nix/store/a7nzy012wylfq7qfhhclr4lpq92gsx4j-llvm-11.1.0",
              "default": true
            },
            {
              "name": "dev",
              "path": "/nix/store/906rdd1qncalgjdl8f14b54f8f04wmgx-llvm-11.1.0-dev"
            },
            {
              "name": "lib",
              "path": "/nix/store/5r97sbs5j6mw7qnbg8nhnq1gad9973ap-llvm-11.1.0-lib"
            },
            {
              "name": "python",
              "path": "/nix/store/a9padllp9wz5pna5hw320cfx6p8vvpan-llvm-11.1.0-python"
            }
          ],
          "store_path": "/nix/store/a7nzy012wylfq7qfhhclr4lpq92gsx4j-llvm-11.1.0"
        }
      }
    },
    "llvmPackages.libclang@latest": {
      "last_modified": "2023-02-24T09:01:09Z",
      "resolved": "github:NixOS/nixpkgs/7d0ed7f2e5aea07ab22ccb338d27fbe347ed2f11#llvmPackages.libclang",
      "source": "devbox-search",
      "version": "11.1.0",
      "systems": {
        "aarch64-darwin": {
          "store_path": "/nix/store/01g7wmiqy8b846mjgqdiizc3fh6n96ih-clang-11.1.0"
        },
        "x86_64-darwin": {
          "store_path": "/nix/store/aq1isk73cqkyggjslr83s5h9qawi36z7-clang-11.1.0"
        },
        "x86_64-linux": {
          "store_path": "/nix/store/mlw1s9ysda190s6zzs6v9n65krqvjq7f-clang-11.1.0"
        }
      }
    },
    "pkg-config@latest": {
      "last_modified": "2024-07-07T07:43:47Z",
      "resolved": "github:NixOS/nixpkgs/b60793b86201040d9dee019a05089a9150d08b5b#pkg-config",
      "source": "devbox-search",
      "version": "0.29.2",
      "systems": {
        "aarch64-darwin": {
          "outputs": [
            {
              "name": "out",
              "path": "/nix/store/za4f93a3jwv93gi14pnif2k7903fi37b-pkg-config-wrapper-0.29.2",
              "default": true
            },
            {
              "name": "man",
              "path": "/nix/store/znl9gp3hkqr23zdfv3fh3gxkfbi9dmf4-pkg-config-wrapper-0.29.2-man",
              "default": true
            },
            {
              "name": "doc",
              "path": "/nix/store/ny0rvrxybm8ddks5mbskwjvhzab1q99v-pkg-config-wrapper-0.29.2-doc"
            }
          ],
          "store_path": "/nix/store/za4f93a3jwv93gi14pnif2k7903fi37b-pkg-config-wrapper-0.29.2"
        },
        "aarch64-linux": {
          "outputs": [
            {
              "name": "out",
              "path": "/nix/store/38c7p07s039xwbk0qhn5g410xd2ymp5s-pkg-config-wrapper-0.29.2",
              "default": true
            },
            {
              "name": "man",
              "path": "/nix/store/vdy7cxnsnq4gv4wncqh07p9awvxavap6-pkg-config-wrapper-0.29.2-man",
              "default": true
            },
            {
              "name": "doc",
              "path": "/nix/store/l9wmrmddfc9qyhc34nj42mrikai1axvc-pkg-config-wrapper-0.29.2-doc"
            }
          ],
          "store_path": "/nix/store/38c7p07s039xwbk0qhn5g410xd2ymp5s-pkg-config-wrapper-0.29.2"
        },
        "x86_64-darwin": {
          "outputs": [
            {
              "name": "out",
              "path": "/nix/store/4h16aa9933dsligy6bngwkciggyrvim2-pkg-config-wrapper-0.29.2",
              "default": true
            },
            {
              "name": "man",
              "path": "/nix/store/c1qypj3z41d792wzkbh1z6gjqxilhwr8-pkg-config-wrapper-0.29.2-man",
              "default": true
            },
            {
              "name": "doc",
              "path": "/nix/store/288gl4iwzd2i7jrfa4rq1b3z9r1hqvf8-pkg-config-wrapper-0.29.2-doc"
            }
          ],
          "store_path": "/nix/store/4h16aa9933dsligy6bngwkciggyrvim2-pkg-config-wrapper-0.29.2"
        },
        "x86_64-linux": {
          "outputs": [
            {
              "name": "out",
              "path": "/nix/store/d7gxj7i9zr04mgf819k34vm5dzxgxjzn-pkg-config-wrapper-0.29.2",
              "default": true
            },
            {
              "name": "man",
              "path": "/nix/store/15xwcvv749bk2xqwil59l4bgn4qk5mii-pkg-config-wrapper-0.29.2-man",
              "default": true
            },
            {
              "name": "doc",
              "path": "/nix/store/d978wasbyghkk0rj2kx0m8dara25k21x-pkg-config-wrapper-0.29.2-doc"
            }
          ],
          "store_path": "/nix/store/d7gxj7i9zr04mgf819k34vm5dzxgxjzn-pkg-config-wrapper-0.29.2"
        }
      }
    },
    "protobuf@latest": {
      "last_modified": "2024-07-07T07:43:47Z",
      "resolved": "github:NixOS/nixpkgs/b60793b86201040d9dee019a05089a9150d08b5b#protobuf",
      "source": "devbox-search",
      "version": "25.3",
      "systems": {
        "aarch64-darwin": {
          "outputs": [
            {
              "name": "out",
              "path": "/nix/store/x6nhvzdmcwxbmn4gcvxfgw566459810g-protobuf-25.3",
              "default": true
            }
          ],
          "store_path": "/nix/store/x6nhvzdmcwxbmn4gcvxfgw566459810g-protobuf-25.3"
        },
        "aarch64-linux": {
          "outputs": [
            {
              "name": "out",
              "path": "/nix/store/dq6vbfsiaa3hfqppmfm8v14yazj4li7s-protobuf-25.3",
              "default": true
            }
          ],
          "store_path": "/nix/store/dq6vbfsiaa3hfqppmfm8v14yazj4li7s-protobuf-25.3"
        },
        "x86_64-darwin": {
          "outputs": [
            {
              "name": "out",
              "path": "/nix/store/lkych338v0mn6ymm0rhpw66ii66r47y1-protobuf-25.3",
              "default": true
            }
          ],
          "store_path": "/nix/store/lkych338v0mn6ymm0rhpw66ii66r47y1-protobuf-25.3"
        },
        "x86_64-linux": {
          "outputs": [
            {
              "name": "out",
              "path": "/nix/store/qs5lj4y6lwas53rh3ih9p4jwn6vk1cbc-protobuf-25.3",
              "default": true
            }
          ],
          "store_path": "/nix/store/qs5lj4y6lwas53rh3ih9p4jwn6vk1cbc-protobuf-25.3"
        }
      }
    },
    "rust-analyzer@latest": {
      "last_modified": "2024-07-11T00:17:14Z",
      "resolved": "github:NixOS/nixpkgs/212defe037698e18fc9521dfe451779a8979844c#rust-analyzer",
      "source": "devbox-search",
      "version": "2024-07-01",
      "systems": {
        "aarch64-darwin": {
          "outputs": [
            {
              "name": "out",
              "path": "/nix/store/q07yd67j7872vpys8ns9gkygcrx5zd90-rust-analyzer-2024-07-01",
              "default": true
            }
          ],
          "store_path": "/nix/store/q07yd67j7872vpys8ns9gkygcrx5zd90-rust-analyzer-2024-07-01"
        },
        "aarch64-linux": {
          "outputs": [
            {
              "name": "out",
              "path": "/nix/store/vl14n4sqhxhv1h71rrvllz2rvxmxkggp-rust-analyzer-2024-07-01",
              "default": true
            }
          ],
          "store_path": "/nix/store/vl14n4sqhxhv1h71rrvllz2rvxmxkggp-rust-analyzer-2024-07-01"
        },
        "x86_64-darwin": {
          "outputs": [
            {
              "name": "out",
              "path": "/nix/store/6vdj4wypw8x161mbxp6srhrg1dssxbls-rust-analyzer-2024-07-01",
              "default": true
            }
          ],
          "store_path": "/nix/store/6vdj4wypw8x161mbxp6srhrg1dssxbls-rust-analyzer-2024-07-01"
        },
        "x86_64-linux": {
          "outputs": [
            {
              "name": "out",
              "path": "/nix/store/ap0ca3vl6gwly2qlk92gnqpm42pnci96-rust-analyzer-2024-07-01",
              "default": true
            }
          ],
          "store_path": "/nix/store/ap0ca3vl6gwly2qlk92gnqpm42pnci96-rust-analyzer-2024-07-01"
        }
      }
    },
    "rustup@latest": {
      "last_modified": "2024-07-07T07:43:47Z",
      "plugin_version": "0.0.1",
      "resolved": "github:NixOS/nixpkgs/b60793b86201040d9dee019a05089a9150d08b5b#rustup",
      "source": "devbox-search",
      "version": "1.26.0",
      "systems": {
        "aarch64-darwin": {
          "outputs": [
            {
              "name": "out",
              "path": "/nix/store/9fcngl4lj7lakajafyfpwddigy5x7xz3-rustup-1.26.0",
              "default": true
            }
          ],
          "store_path": "/nix/store/9fcngl4lj7lakajafyfpwddigy5x7xz3-rustup-1.26.0"
        },
        "aarch64-linux": {
          "outputs": [
            {
              "name": "out",
              "path": "/nix/store/9zp7146714iwf140fapdi0mgb86yds92-rustup-1.26.0",
              "default": true
            }
          ],
          "store_path": "/nix/store/9zp7146714iwf140fapdi0mgb86yds92-rustup-1.26.0"
        },
        "x86_64-darwin": {
          "outputs": [
            {
              "name": "out",
              "path": "/nix/store/vj2nv91k8wpk63iyjk93y1b7fflmbjm9-rustup-1.26.0",
              "default": true
            }
          ],
          "store_path": "/nix/store/vj2nv91k8wpk63iyjk93y1b7fflmbjm9-rustup-1.26.0"
        },
        "x86_64-linux": {
          "outputs": [
            {
              "name": "out",
              "path": "/nix/store/crphpnlzwspccbflgfakqm45hfxw1sdx-rustup-1.26.0",
              "default": true
            }
          ],
          "store_path": "/nix/store/crphpnlzwspccbflgfakqm45hfxw1sdx-rustup-1.26.0"
        }
      }
    },
    "vscode-extensions.vadimcn.vscode-lldb@latest": {
      "last_modified": "2024-07-11T00:17:14Z",
      "resolved": "github:NixOS/nixpkgs/212defe037698e18fc9521dfe451779a8979844c#vscode-extensions.vadimcn.vscode-lldb",
      "source": "devbox-search",
      "version": "1.10.0",
      "systems": {
        "aarch64-darwin": {
          "outputs": [
            {
              "name": "out",
              "path": "/nix/store/xbrk21nxav4g2g8pr260nxh407653mnx-vscode-extension-vadimcn-vscode-lldb-1.10.0",
              "default": true
            }
          ],
          "store_path": "/nix/store/xbrk21nxav4g2g8pr260nxh407653mnx-vscode-extension-vadimcn-vscode-lldb-1.10.0"
        },
        "aarch64-linux": {
          "outputs": [
            {
              "name": "out",
              "path": "/nix/store/7il9h99lmjnrbbq90h33y656xclklsjx-vscode-extension-vadimcn-vscode-lldb-1.10.0",
              "default": true
            }
          ],
          "store_path": "/nix/store/7il9h99lmjnrbbq90h33y656xclklsjx-vscode-extension-vadimcn-vscode-lldb-1.10.0"
        },
        "x86_64-darwin": {
          "outputs": [
            {
              "name": "out",
              "path": "/nix/store/16aq6872mfhwj80lka2diljw8d3n0xwa-vscode-extension-vadimcn-vscode-lldb-1.10.0",
              "default": true
            }
          ],
          "store_path": "/nix/store/16aq6872mfhwj80lka2diljw8d3n0xwa-vscode-extension-vadimcn-vscode-lldb-1.10.0"
        },
        "x86_64-linux": {
          "outputs": [
            {
              "name": "out",
              "path": "/nix/store/09cy3rn6a7rizvcykl2ynj0jx4svmqsj-vscode-extension-vadimcn-vscode-lldb-1.10.0",
              "default": true
            }
          ],
          "store_path": "/nix/store/09cy3rn6a7rizvcykl2ynj0jx4svmqsj-vscode-extension-vadimcn-vscode-lldb-1.10.0"
        }
      }
    }
  }
}
