{
  "lockfile_version": "1",
  "packages": {
    "bacon@latest": {
      "last_modified": "2024-01-27T14:55:31Z",
      "resolved": "github:NixOS/nixpkgs/160b762eda6d139ac10ae081f8f78d640dd523eb#bacon",
      "source": "devbox-search",
      "version": "2.14.1",
      "systems": {
        "aarch64-darwin": {
          "store_path": "/nix/store/mprw1sir4w49776j92syjrswfgrv9nal-bacon-2.14.1"
        },
        "aarch64-linux": {
          "store_path": "/nix/store/g83lizfhzbgzw8nqhqilf00hdki8pvns-bacon-2.14.1"
        },
        "x86_64-darwin": {
          "store_path": "/nix/store/9nd3kcmww5h89ld4lz4i0zv64vs0201j-bacon-2.14.1"
        },
        "x86_64-linux": {
          "store_path": "/nix/store/0694b5p5nlwl428jvawdrv7xwxdxpjvf-bacon-2.14.1"
        }
      }
    },
    "cargo-edit@latest": {
      "last_modified": "2024-01-27T14:55:31Z",
      "resolved": "github:NixOS/nixpkgs/160b762eda6d139ac10ae081f8f78d640dd523eb#cargo-edit",
      "source": "devbox-search",
      "version": "0.12.2",
      "systems": {
        "aarch64-darwin": {
          "store_path": "/nix/store/lrzfmb328ncj61mhxifrcpl2fjd2m8y5-cargo-edit-0.12.2"
        },
        "aarch64-linux": {
          "store_path": "/nix/store/2385akvfl5czsq659gy4g3a1hfnv78xq-cargo-edit-0.12.2"
        },
        "x86_64-darwin": {
          "store_path": "/nix/store/zay09p5cxv3fcqxln1pkimsq6a145xaa-cargo-edit-0.12.2"
        },
        "x86_64-linux": {
          "store_path": "/nix/store/yzllxn5g35lh3almdc0s8s3gh59ajwg7-cargo-edit-0.12.2"
        }
      }
    },
    "cargo-generate@latest": {
      "last_modified": "2024-01-27T14:55:31Z",
      "resolved": "github:NixOS/nixpkgs/160b762eda6d139ac10ae081f8f78d640dd523eb#cargo-generate",
      "source": "devbox-search",
      "version": "0.19.0",
      "systems": {
        "aarch64-darwin": {
          "store_path": "/nix/store/fzvzqkfw2ia32bzz6zsss8kx72fjkmnx-cargo-generate-0.19.0"
        },
        "aarch64-linux": {
          "store_path": "/nix/store/gj5dwk96nfj0xj5r6rvlwjcgsh5c8zf3-cargo-generate-0.19.0"
        },
        "x86_64-darwin": {
          "store_path": "/nix/store/gfva77ds1sh0wb68pkxw1ysfciksavmd-cargo-generate-0.19.0"
        },
        "x86_64-linux": {
          "store_path": "/nix/store/m0kjbmcd9imkbkpvikcxjg9b8pa8fjcb-cargo-generate-0.19.0"
        }
      }
    },
    "cargo-llvm-cov@latest": {
      "last_modified": "2024-01-27T14:55:31Z",
      "resolved": "github:NixOS/nixpkgs/160b762eda6d139ac10ae081f8f78d640dd523eb#cargo-llvm-cov",
      "source": "devbox-search",
      "version": "0.6.2",
      "systems": {
        "aarch64-linux": {
          "store_path": "/nix/store/gn6f0z4j0j3gkqwliwb3a47knxvbpmki-cargo-llvm-cov-0.6.2"
        },
        "x86_64-linux": {
          "store_path": "/nix/store/8zc3437jn7kdk4sy3fv05p332k0rl0gv-cargo-llvm-cov-0.6.2"
        }
      }
    },
    "cargo-nextest@latest": {
      "last_modified": "2024-01-27T14:55:31Z",
      "resolved": "github:NixOS/nixpkgs/160b762eda6d139ac10ae081f8f78d640dd523eb#cargo-nextest",
      "source": "devbox-search",
      "version": "0.9.67",
      "systems": {
        "aarch64-darwin": {
          "store_path": "/nix/store/bkcfn8w47awiskp8lcydhnc6136c8353-cargo-nextest-0.9.67"
        },
        "aarch64-linux": {
          "store_path": "/nix/store/dmxsgvjriwzx360ypdr3czf699rl85wf-cargo-nextest-0.9.67"
        },
        "x86_64-darwin": {
          "store_path": "/nix/store/alwkjm7c9v010hy4rm48vdx9fykwa3hx-cargo-nextest-0.9.67"
        },
        "x86_64-linux": {
          "store_path": "/nix/store/cn9cbg542p3l856bd908x9aj1b298yva-cargo-nextest-0.9.67"
        }
      }
    },
    "cargo-readme@latest": {
      "last_modified": "2024-01-27T14:55:31Z",
      "resolved": "github:NixOS/nixpkgs/160b762eda6d139ac10ae081f8f78d640dd523eb#cargo-readme",
      "source": "devbox-search",
      "version": "3.3.1",
      "systems": {
        "aarch64-darwin": {
          "store_path": "/nix/store/fhs3dndidpw67ffnmzfbwiv5db9msl8x-cargo-readme-3.3.1"
        },
        "aarch64-linux": {
          "store_path": "/nix/store/dnk748dqnlq8075cwbjq5m0ygh3i0456-cargo-readme-3.3.1"
        },
        "x86_64-darwin": {
          "store_path": "/nix/store/hvh720hdfc3iawjji5ngnzsiv1bgsfpw-cargo-readme-3.3.1"
        },
        "x86_64-linux": {
          "store_path": "/nix/store/11b5djhchnpxladkks31s40s0ybwjcw9-cargo-readme-3.3.1"
        }
      }
    },
    "cargo-watch@latest": {
      "last_modified": "2024-01-27T14:55:31Z",
      "resolved": "github:NixOS/nixpkgs/160b762eda6d139ac10ae081f8f78d640dd523eb#cargo-watch",
      "source": "devbox-search",
      "version": "8.5.2",
      "systems": {
        "aarch64-darwin": {
          "store_path": "/nix/store/kjlcs91dyv3zxswcmzzbd3c19hanlx31-cargo-watch-8.5.2"
        },
        "aarch64-linux": {
          "store_path": "/nix/store/ikzc4n7kghl5vxgxpygjpz1zwr0nsih6-cargo-watch-8.5.2"
        },
        "x86_64-darwin": {
          "store_path": "/nix/store/gars1gh6mjqxqzg023z830mmy4jkxg28-cargo-watch-8.5.2"
        },
        "x86_64-linux": {
          "store_path": "/nix/store/85ajbvyz55x4kd9kp2aw70nr2zms8hcj-cargo-watch-8.5.2"
        }
      }
    },
    "clang@latest": {
      "last_modified": "2024-01-27T14:55:31Z",
      "resolved": "github:NixOS/nixpkgs/160b762eda6d139ac10ae081f8f78d640dd523eb#clang",
      "source": "devbox-search",
      "version": "16.0.6",
      "systems": {
        "aarch64-darwin": {
          "store_path": "/nix/store/65lhhpbfnsf9b3knd4q2l49y7107fisp-clang-wrapper-16.0.6"
        },
        "aarch64-linux": {
          "store_path": "/nix/store/wvsgqjasrnzmq3fdbl4axya2bl0qh937-clang-wrapper-16.0.6"
        },
        "x86_64-darwin": {
          "store_path": "/nix/store/4g5v0x02vay6kg6rv3g8nhk955grz4fc-clang-wrapper-16.0.6"
        },
        "x86_64-linux": {
          "store_path": "/nix/store/yqvsk9m8aza2ngwnglvadlgj71vcgwzm-clang-wrapper-16.0.6"
        }
      }
    },
    "llvm@latest": {
      "last_modified": "2023-02-27T03:34:50Z",
      "resolved": "github:NixOS/nixpkgs/3f19c04354dec3903f614eae09327a04d297835d#llvm",
      "source": "devbox-search",
      "version": "11.1.0",
      "systems": {
        "aarch64-darwin": {
          "store_path": "/nix/store/fw2nr289aj0c64xpczwy4d2aqkkqpag0-llvm-11.1.0"
        },
        "aarch64-linux": {
          "store_path": "/nix/store/nhwv558wja6gkfhdbxfz21f0a9kz7v85-llvm-11.1.0"
        },
        "x86_64-darwin": {
          "store_path": "/nix/store/7z6bs61wlly6m9czqrddmhwyh7r6g42x-llvm-11.1.0"
        },
        "x86_64-linux": {
          "store_path": "/nix/store/a7nzy012wylfq7qfhhclr4lpq92gsx4j-llvm-11.1.0"
        }
      }
    },
    "llvmPackages.libclang@latest": {
      "last_modified": "2023-02-24T09:01:09Z",
      "resolved": "github:NixOS/nixpkgs/7d0ed7f2e5aea07ab22ccb338d27fbe347ed2f11#llvmPackages.libclang",
      "source": "devbox-search",
      "version": "11.1.0",
      "systems": {
        "aarch64-darwin": {
          "store_path": "/nix/store/01g7wmiqy8b846mjgqdiizc3fh6n96ih-clang-11.1.0"
        },
        "x86_64-darwin": {
          "store_path": "/nix/store/aq1isk73cqkyggjslr83s5h9qawi36z7-clang-11.1.0"
        },
        "x86_64-linux": {
          "store_path": "/nix/store/mlw1s9ysda190s6zzs6v9n65krqvjq7f-clang-11.1.0"
        }
      }
    },
    "pkg-config@latest": {
      "last_modified": "2024-01-27T14:55:31Z",
      "resolved": "github:NixOS/nixpkgs/160b762eda6d139ac10ae081f8f78d640dd523eb#pkg-config",
      "source": "devbox-search",
      "version": "0.29.2",
      "systems": {
        "aarch64-darwin": {
          "store_path": "/nix/store/xrxy4642194vdyq0a9cdb9d29y97drab-pkg-config-wrapper-0.29.2"
        },
        "aarch64-linux": {
          "store_path": "/nix/store/c0xjanvyj2pifqdah3lpvrisi3br3l9x-pkg-config-wrapper-0.29.2"
        },
        "x86_64-darwin": {
          "store_path": "/nix/store/8sxfnx5pc8d1rzi32nwnwklhsk6nxxbi-pkg-config-wrapper-0.29.2"
        },
        "x86_64-linux": {
          "store_path": "/nix/store/01nygk9550khsba4msxd751bvgs8jj23-pkg-config-wrapper-0.29.2"
        }
      }
    },
    "rust-analyzer@latest": {
      "last_modified": "2024-01-31T06:48:05Z",
      "resolved": "github:NixOS/nixpkgs/5ad9903c16126a7d949101687af0aa589b1d7d3d#rust-analyzer",
      "source": "devbox-search",
      "version": "2024-01-29",
      "systems": {
        "aarch64-darwin": {
          "store_path": "/nix/store/hm75v7bw469dc12lwqkdr03sqfzpdhj3-rust-analyzer-2024-01-29"
        },
        "aarch64-linux": {
          "store_path": "/nix/store/6vncc636ss43xfydz75kznlbvqhiwn04-rust-analyzer-2024-01-29"
        },
        "x86_64-darwin": {
          "store_path": "/nix/store/n5871milfch9ciib820gfb7x5ip0pmds-rust-analyzer-2024-01-29"
        },
        "x86_64-linux": {
          "store_path": "/nix/store/a0l84cf5s5rdgs95qlj6816bjir9mmvb-rust-analyzer-2024-01-29"
        }
      }
    },
    "rustup@latest": {
      "last_modified": "2024-01-27T14:55:31Z",
      "plugin_version": "0.0.1",
      "resolved": "github:NixOS/nixpkgs/160b762eda6d139ac10ae081f8f78d640dd523eb#rustup",
      "source": "devbox-search",
      "version": "1.26.0",
      "systems": {
        "aarch64-darwin": {
          "store_path": "/nix/store/jz227pv1bxxrrzks4rpcqw03brkxc532-rustup-1.26.0"
        },
        "aarch64-linux": {
          "store_path": "/nix/store/9ysiran9g09w2p8wf66g7r1q456n2saz-rustup-1.26.0"
        },
        "x86_64-darwin": {
          "store_path": "/nix/store/gpgh2a5lq30f62bf2af76rf31v7n0vx4-rustup-1.26.0"
        },
        "x86_64-linux": {
          "store_path": "/nix/store/9y1pfqglsv21187z6n70ibl4kz1nlnrc-rustup-1.26.0"
        }
      }
    }
  }
}
